
Microsoft Visual Studio Solution File, Format Version 12.00
# Visual Studio 15
VisualStudioVersion = 15.0.26124.0
MinimumVisualStudioVersion = 15.0.26124.0
Project("{FAE04EC0-301F-11D3-BF4B-00C04F79EFBC}") = "AadAuthenticatedApi", "AadAuthenticatedApi\AadAuthenticatedApi.csproj", "{A3FA8073-851E-4F70-A659-1302A3DB0FE1}"
EndProject
Project("{FAE04EC0-301F-11D3-BF4B-00C04F79EFBC}") = "AadAuthenticatedApi.Client", "AadAuthenticatedApi.Client\AadAuthenticatedApi.Client.csproj", "{D38056C8-D01A-4ED4-A4BF-70E774D3E66E}"
EndProject
Project("{FAE04EC0-301F-11D3-BF4B-00C04F79EFBC}") = "Microsoft.Identity.Web", "Microsoft.Identity.Web\Microsoft.Identity.Web.csproj", "{81FD386F-8237-45E4-B0FA-852E25693476}"
EndProject
Global
	GlobalSection(SolutionConfigurationPlatforms) = preSolution
		Debug|Any CPU = Debug|Any CPU
		Debug|x64 = Debug|x64
		Debug|x86 = Debug|x86
		Release|Any CPU = Release|Any CPU
		Release|x64 = Release|x64
		Release|x86 = Release|x86
	EndGlobalSection
	GlobalSection(SolutionProperties) = preSolution
		HideSolutionNode = FALSE
	EndGlobalSection
	GlobalSection(ProjectConfigurationPlatforms) = postSolution
		{A3FA8073-851E-4F70-A659-1302A3DB0FE1}.Debug|Any CPU.ActiveCfg = Debug|Any CPU
		{A3FA8073-851E-4F70-A659-1302A3DB0FE1}.Debug|Any CPU.Build.0 = Debug|Any CPU
		{A3FA8073-851E-4F70-A659-1302A3DB0FE1}.Debug|x64.ActiveCfg = Debug|Any CPU
		{A3FA8073-851E-4F70-A659-1302A3DB0FE1}.Debug|x64.Build.0 = Debug|Any CPU
		{A3FA8073-851E-4F70-A659-1302A3DB0FE1}.Debug|x86.ActiveCfg = Debug|Any CPU
		{A3FA8073-851E-4F70-A659-1302A3DB0FE1}.Debug|x86.Build.0 = Debug|Any CPU
		{A3FA8073-851E-4F70-A659-1302A3DB0FE1}.Release|Any CPU.ActiveCfg = Release|Any CPU
		{A3FA8073-851E-4F70-A659-1302A3DB0FE1}.Release|Any CPU.Build.0 = Release|Any CPU
		{A3FA8073-851E-4F70-A659-1302A3DB0FE1}.Release|x64.ActiveCfg = Release|Any CPU
		{A3FA8073-851E-4F70-A659-1302A3DB0FE1}.Release|x64.Build.0 = Release|Any CPU
		{A3FA8073-851E-4F70-A659-1302A3DB0FE1}.Release|x86.ActiveCfg = Release|Any CPU
		{A3FA8073-851E-4F70-A659-1302A3DB0FE1}.Release|x86.Build.0 = Release|Any CPU
		{D38056C8-D01A-4ED4-A4BF-70E774D3E66E}.Debug|Any CPU.ActiveCfg = Debug|Any CPU
		{D38056C8-D01A-4ED4-A4BF-70E774D3E66E}.Debug|Any CPU.Build.0 = Debug|Any CPU
		{D38056C8-D01A-4ED4-A4BF-70E774D3E66E}.Debug|x64.ActiveCfg = Debug|Any CPU
		{D38056C8-D01A-4ED4-A4BF-70E774D3E66E}.Debug|x64.Build.0 = Debug|Any CPU
		{D38056C8-D01A-4ED4-A4BF-70E774D3E66E}.Debug|x86.ActiveCfg = Debug|Any CPU
		{D38056C8-D01A-4ED4-A4BF-70E774D3E66E}.Debug|x86.Build.0 = Debug|Any CPU
		{D38056C8-D01A-4ED4-A4BF-70E774D3E66E}.Release|Any CPU.ActiveCfg = Release|Any CPU
		{D38056C8-D01A-4ED4-A4BF-70E774D3E66E}.Release|Any CPU.Build.0 = Release|Any CPU
		{D38056C8-D01A-4ED4-A4BF-70E774D3E66E}.Release|x64.ActiveCfg = Release|Any CPU
		{D38056C8-D01A-4ED4-A4BF-70E774D3E66E}.Release|x64.Build.0 = Release|Any CPU
		{D38056C8-D01A-4ED4-A4BF-70E774D3E66E}.Release|x86.ActiveCfg = Release|Any CPU
		{D38056C8-D01A-4ED4-A4BF-70E774D3E66E}.Release|x86.Build.0 = Release|Any CPU
		{81FD386F-8237-45E4-B0FA-852E25693476}.Debug|Any CPU.ActiveCfg = Debug|Any CPU
		{81FD386F-8237-45E4-B0FA-852E25693476}.Debug|Any CPU.Build.0 = Debug|Any CPU
		{81FD386F-8237-45E4-B0FA-852E25693476}.Debug|x64.ActiveCfg = Debug|Any CPU
		{81FD386F-8237-45E4-B0FA-852E25693476}.Debug|x64.Build.0 = Debug|Any CPU
		{81FD386F-8237-45E4-B0FA-852E25693476}.Debug|x86.ActiveCfg = Debug|Any CPU
		{81FD386F-8237-45E4-B0FA-852E25693476}.Debug|x86.Build.0 = Debug|Any CPU
		{81FD386F-8237-45E4-B0FA-852E25693476}.Release|Any CPU.ActiveCfg = Release|Any CPU
		{81FD386F-8237-45E4-B0FA-852E25693476}.Release|Any CPU.Build.0 = Release|Any CPU
		{81FD386F-8237-45E4-B0FA-852E25693476}.Release|x64.ActiveCfg = Release|Any CPU
		{81FD386F-8237-45E4-B0FA-852E25693476}.Release|x64.Build.0 = Release|Any CPU
		{81FD386F-8237-45E4-B0FA-852E25693476}.Release|x86.ActiveCfg = Release|Any CPU
		{81FD386F-8237-45E4-B0FA-852E25693476}.Release|x86.Build.0 = Release|Any CPU
	EndGlobalSection
EndGlobal
